# This is a Gradle generated file for dependency locking.
# Manual edits can break the build and are not advised.
# This file is expected to be part of source control.
androidx.annotation:annotation-experimental:1.4.0=debugAndroidTestRuntimeClasspath,debugRuntimeClasspath,debugUnitTestRuntimeClasspath,releaseRuntimeClasspath,releaseUnitTestRuntimeClasspath
androidx.annotation:annotation:1.2.0=debugAndroidTestRuntimeClasspath,debugRuntimeClasspath,debugUnitTestRuntimeClasspath,releaseRuntimeClasspath,releaseUnitTestRuntimeClasspath
androidx.arch.core:core-common:2.1.0=debugAndroidTestRuntimeClasspath,debugRuntimeClasspath,debugUnitTestRuntimeClasspath,releaseRuntimeClasspath,releaseUnitTestRuntimeClasspath
androidx.arch.core:core-runtime:2.1.0=debugAndroidTestRuntimeClasspath,debugRuntimeClasspath,debugUnitTestRuntimeClasspath,releaseRuntimeClasspath,releaseUnitTestRuntimeClasspath
androidx.collection:collection:1.0.0=debugAndroidTestRuntimeClasspath,debugRuntimeClasspath,debugUnitTestRuntimeClasspath,releaseRuntimeClasspath,releaseUnitTestRuntimeClasspath
androidx.compose.runtime:runtime:1.2.1=debugAndroidTestRuntimeClasspath,debugRuntimeClasspath,debugUnitTestRuntimeClasspath,releaseRuntimeClasspath,releaseUnitTestRuntimeClasspath
androidx.compose.ui:ui-geometry:1.1.1=debugAndroidTestRuntimeClasspath,debugRuntimeClasspath,debugUnitTestRuntimeClasspath,releaseRuntimeClasspath,releaseUnitTestRuntimeClasspath
androidx.compose.ui:ui-graphics:1.1.1=debugAndroidTestRuntimeClasspath,debugRuntimeClasspath,debugUnitTestRuntimeClasspath,releaseRuntimeClasspath,releaseUnitTestRuntimeClasspath
androidx.compose.ui:ui-unit:1.1.1=debugAndroidTestRuntimeClasspath,debugRuntimeClasspath,debugUnitTestRuntimeClasspath,releaseRuntimeClasspath,releaseUnitTestRuntimeClasspath
androidx.compose.ui:ui-util:1.1.1=debugAndroidTestRuntimeClasspath,debugRuntimeClasspath,debugUnitTestRuntimeClasspath,releaseRuntimeClasspath,releaseUnitTestRuntimeClasspath
androidx.concurrent:concurrent-futures-ktx:1.1.0=debugAndroidTestRuntimeClasspath,debugRuntimeClasspath,debugUnitTestRuntimeClasspath,releaseRuntimeClasspath,releaseUnitTestRuntimeClasspath
androidx.concurrent:concurrent-futures:1.1.0=debugAndroidTestRuntimeClasspath,debugRuntimeClasspath,debugUnitTestRuntimeClasspath,releaseRuntimeClasspath,releaseUnitTestRuntimeClasspath
androidx.core:core-ktx:1.7.0=debugAndroidTestRuntimeClasspath,debugRuntimeClasspath,debugUnitTestRuntimeClasspath,releaseRuntimeClasspath,releaseUnitTestRuntimeClasspath
androidx.core:core-remoteviews:1.1.0=debugAndroidTestRuntimeClasspath,debugRuntimeClasspath,debugUnitTestRuntimeClasspath,releaseRuntimeClasspath,releaseUnitTestRuntimeClasspath
androidx.core:core:1.8.0=debugAndroidTestRuntimeClasspath,debugRuntimeClasspath,debugUnitTestRuntimeClasspath,releaseRuntimeClasspath,releaseUnitTestRuntimeClasspath
androidx.datastore:datastore-core:1.0.0=debugAndroidTestRuntimeClasspath,debugRuntimeClasspath,debugUnitTestRuntimeClasspath,releaseRuntimeClasspath,releaseUnitTestRuntimeClasspath
androidx.datastore:datastore-preferences-core:1.0.0=debugAndroidTestRuntimeClasspath,debugRuntimeClasspath,debugUnitTestRuntimeClasspath,releaseRuntimeClasspath,releaseUnitTestRuntimeClasspath
androidx.datastore:datastore-preferences:1.0.0=debugAndroidTestRuntimeClasspath,debugRuntimeClasspath,debugUnitTestRuntimeClasspath,releaseRuntimeClasspath,releaseUnitTestRuntimeClasspath
androidx.datastore:datastore:1.0.0=debugAndroidTestRuntimeClasspath,debugRuntimeClasspath,debugUnitTestRuntimeClasspath,releaseRuntimeClasspath,releaseUnitTestRuntimeClasspath
androidx.glance:glance-appwidget-external-protobuf:1.1.1=debugAndroidTestRuntimeClasspath,debugRuntimeClasspath,debugUnitTestRuntimeClasspath,releaseRuntimeClasspath,releaseUnitTestRuntimeClasspath
androidx.glance:glance-appwidget-proto:1.1.1=debugAndroidTestRuntimeClasspath,debugRuntimeClasspath,debugUnitTestRuntimeClasspath,releaseRuntimeClasspath,releaseUnitTestRuntimeClasspath
androidx.glance:glance-appwidget:1.1.1=debugAndroidTestRuntimeClasspath,debugRuntimeClasspath,debugUnitTestRuntimeClasspath,releaseRuntimeClasspath,releaseUnitTestRuntimeClasspath
androidx.glance:glance:1.1.1=debugAndroidTestRuntimeClasspath,debugRuntimeClasspath,debugUnitTestRuntimeClasspath,releaseRuntimeClasspath,releaseUnitTestRuntimeClasspath
androidx.lifecycle:lifecycle-common:2.3.1=debugAndroidTestRuntimeClasspath,debugRuntimeClasspath,debugUnitTestRuntimeClasspath,releaseRuntimeClasspath,releaseUnitTestRuntimeClasspath
androidx.lifecycle:lifecycle-livedata-core:2.1.0=debugAndroidTestRuntimeClasspath,debugRuntimeClasspath,debugUnitTestRuntimeClasspath,releaseRuntimeClasspath,releaseUnitTestRuntimeClasspath
androidx.lifecycle:lifecycle-livedata:2.1.0=debugAndroidTestRuntimeClasspath,debugRuntimeClasspath,debugUnitTestRuntimeClasspath,releaseRuntimeClasspath,releaseUnitTestRuntimeClasspath
androidx.lifecycle:lifecycle-runtime:2.3.1=debugAndroidTestRuntimeClasspath,debugRuntimeClasspath,debugUnitTestRuntimeClasspath,releaseRuntimeClasspath,releaseUnitTestRuntimeClasspath
androidx.lifecycle:lifecycle-service:2.1.0=debugAndroidTestRuntimeClasspath,debugRuntimeClasspath,debugUnitTestRuntimeClasspath,releaseRuntimeClasspath,releaseUnitTestRuntimeClasspath
androidx.room:room-common:2.2.5=debugAndroidTestRuntimeClasspath,debugRuntimeClasspath,debugUnitTestRuntimeClasspath,releaseRuntimeClasspath,releaseUnitTestRuntimeClasspath
androidx.room:room-runtime:2.2.5=debugAndroidTestRuntimeClasspath,debugRuntimeClasspath,debugUnitTestRuntimeClasspath,releaseRuntimeClasspath,releaseUnitTestRuntimeClasspath
androidx.sqlite:sqlite-framework:2.1.0=debugAndroidTestRuntimeClasspath,debugRuntimeClasspath,debugUnitTestRuntimeClasspath,releaseRuntimeClasspath,releaseUnitTestRuntimeClasspath
androidx.sqlite:sqlite:2.1.0=debugAndroidTestRuntimeClasspath,debugRuntimeClasspath,debugUnitTestRuntimeClasspath,releaseRuntimeClasspath,releaseUnitTestRuntimeClasspath
androidx.startup:startup-runtime:1.0.0=debugAndroidTestRuntimeClasspath,debugRuntimeClasspath,debugUnitTestRuntimeClasspath,releaseRuntimeClasspath,releaseUnitTestRuntimeClasspath
androidx.tracing:tracing:1.0.0=debugAndroidTestRuntimeClasspath,debugRuntimeClasspath,debugUnitTestRuntimeClasspath,releaseRuntimeClasspath,releaseUnitTestRuntimeClasspath
androidx.versionedparcelable:versionedparcelable:1.1.1=debugAndroidTestRuntimeClasspath,debugRuntimeClasspath,debugUnitTestRuntimeClasspath,releaseRuntimeClasspath,releaseUnitTestRuntimeClasspath
androidx.work:work-runtime-ktx:2.7.1=debugAndroidTestRuntimeClasspath,debugRuntimeClasspath,debugUnitTestRuntimeClasspath,releaseRuntimeClasspath,releaseUnitTestRuntimeClasspath
androidx.work:work-runtime:2.7.1=debugAndroidTestRuntimeClasspath,debugRuntimeClasspath,debugUnitTestRuntimeClasspath,releaseRuntimeClasspath,releaseUnitTestRuntimeClasspath
com.google.guava:listenablefuture:1.0=debugAndroidTestRuntimeClasspath,debugRuntimeClasspath,debugUnitTestRuntimeClasspath,releaseRuntimeClasspath,releaseUnitTestRuntimeClasspath
org.jetbrains.kotlin:kotlin-stdlib-common:2.3.21=debugAndroidTestRuntimeClasspath,debugRuntimeClasspath,debugUnitTestRuntimeClasspath,releaseRuntimeClasspath,releaseUnitTestRuntimeClasspath
org.jetbrains.kotlin:kotlin-stdlib:2.3.21=debugAndroidTestRuntimeClasspath,debugRuntimeClasspath,debugUnitTestRuntimeClasspath,releaseRuntimeClasspath,releaseUnitTestRuntimeClasspath
org.jetbrains.kotlinx:kotlinx-coroutines-android:1.8.1=debugAndroidTestRuntimeClasspath,debugRuntimeClasspath,debugUnitTestRuntimeClasspath,releaseRuntimeClasspath,releaseUnitTestRuntimeClasspath
org.jetbrains.kotlinx:kotlinx-coroutines-bom:1.8.1=debugAndroidTestRuntimeClasspath,debugRuntimeClasspath,debugUnitTestRuntimeClasspath,releaseRuntimeClasspath,releaseUnitTestRuntimeClasspath
org.jetbrains.kotlinx:kotlinx-coroutines-core-jvm:1.8.1=debugAndroidTestRuntimeClasspath,debugRuntimeClasspath,debugUnitTestRuntimeClasspath,releaseRuntimeClasspath,releaseUnitTestRuntimeClasspath
org.jetbrains.kotlinx:kotlinx-coroutines-core:1.8.1=debugAndroidTestRuntimeClasspath,debugRuntimeClasspath,debugUnitTestRuntimeClasspath,releaseRuntimeClasspath,releaseUnitTestRuntimeClasspath
org.jetbrains:annotations:23.0.0=debugAndroidTestRuntimeClasspath,debugRuntimeClasspath,debugUnitTestRuntimeClasspath,releaseRuntimeClasspath,releaseUnitTestRuntimeClasspath
empty=coreLibraryDesugaring,debugAndroidTestAnnotationProcessorClasspath,debugAnnotationProcessorClasspath,debugUnitTestAnnotationProcessorClasspath,releaseAnnotationProcessorClasspath,releaseUnitTestAnnotationProcessorClasspath
